// !$*UTF8*$!
{
	archiveVersion = 1;
	classes = {
	};
	objectVersion = 55;
	objects = {

/* Begin PBXBuildFile section */
		A5400C532817C4A70047A5CD /* AppDelegate.swift in Sources */ = {isa = PBXBuildFile; fileRef = A5400C522817C4A70047A5CD /* AppDelegate.swift */; };
		A5400C552817C4A70047A5CD /* SceneDelegate.swift in Sources */ = {isa = PBXBuildFile; fileRef = A5400C542817C4A70047A5CD /* SceneDelegate.swift */; };
		A5400C572817C4A70047A5CD /* ViewController.swift in Sources */ = {isa = PBXBuildFile; fileRef = A5400C562817C4A70047A5CD /* ViewController.swift */; };
		A5400C5A2817C4A70047A5CD /* Main.storyboard in Resources */ = {isa = PBXBuildFile; fileRef = A5400C582817C4A70047A5CD /* Main.storyboard */; };
		A5400C5C2817C4A80047A5CD /* Assets.xcassets in Resources */ = {isa = PBXBuildFile; fileRef = A5400C5B2817C4A80047A5CD /* Assets.xcassets */; };
		A5400C5F2817C4A80047A5CD /* LaunchScreen.storyboard in Resources */ = {isa = PBXBuildFile; fileRef = A5400C5D2817C4A80047A5CD /* LaunchScreen.storyboard */; };
		A5400C6A2817C4A80047A5CD /* SquareTests.swift in Sources */ = {isa = PBXBuildFile; fileRef = A5400C692817C4A80047A5CD /* SquareTests.swift */; };
		A5400C742817C4A80047A5CD /* SquareUITests.swift in Sources */ = {isa = PBXBuildFile; fileRef = A5400C732817C4A80047A5CD /* SquareUITests.swift */; };
		A5400C762817C4A80047A5CD /* SquareUITestsLaunchTests.swift in Sources */ = {isa = PBXBuildFile; fileRef = A5400C752817C4A80047A5CD /* SquareUITestsLaunchTests.swift */; };
/* End PBXBuildFile section */

/* Begin PBXContainerItemProxy section */
		A5400C662817C4A80047A5CD /* PBXContainerItemProxy */ = {
			isa = PBXContainerItemProxy;
			containerPortal = A5400C472817C4A70047A5CD /* Project object */;
			proxyType = 1;
			remoteGlobalIDString = A5400C4E2817C4A70047A5CD;
			remoteInfo = Square;
		};
		A5400C702817C4A80047A5CD /* PBXContainerItemProxy */ = {
			isa = PBXContainerItemProxy;
			containerPortal = A5400C472817C4A70047A5CD /* Project object */;
			proxyType = 1;
			remoteGlobalIDString = A5400C4E2817C4A70047A5CD;
			remoteInfo = Square;
		};
/* End PBXContainerItemProxy section */

/* Begin PBXFileReference section */
		A5400C4F2817C4A70047A5CD /* Square.app */ = {isa = PBXFileReference; explicitFileType = wrapper.application; includeInIndex = 0; path = Square.app; sourceTree = BUILT_PRODUCTS_DIR; };
		A5400C522817C4A70047A5CD /* AppDelegate.swift */ = {isa = PBXFileReference; lastKnownFileType = sourcecode.swift; path = AppDelegate.swift; sourceTree = "<group>"; };
		A5400C542817C4A70047A5CD /* SceneDelegate.swift */ = {isa = PBXFileReference; lastKnownFileType = sourcecode.swift; path = SceneDelegate.swift; sourceTree = "<group>"; };
		A5400C562817C4A70047A5CD /* ViewController.swift */ = {isa = PBXFileReference; lastKnownFileType = sourcecode.swift; path = ViewController.swift; sourceTree = "<group>"; };
		A5400C592817C4A70047A5CD /* Base */ = {isa = PBXFileReference; lastKnownFileType = file.storyboard; name = Base; path = Base.lproj/Main.storyboard; sourceTree = "<group>"; };
		A5400C5B2817C4A80047A5CD /* Assets.xcassets */ = {isa = PBXFileReference; lastKnownFileType = folder.assetcatalog; path = Assets.xcassets; sourceTree = "<group>"; };
		A5400C5E2817C4A80047A5CD /* Base */ = {isa = PBXFileReference; lastKnownFileType = file.storyboard; name = Base; path = Base.lproj/LaunchScreen.storyboard; sourceTree = "<group>"; };
		A5400C602817C4A80047A5CD /* Info.plist */ = {isa = PBXFileReference; lastKnownFileType = text.plist.xml; path = Info.plist; sourceTree = "<group>"; };
		A5400C652817C4A80047A5CD /* SquareTests.xctest */ = {isa = PBXFileReference; explicitFileType = wrapper.cfbundle; includeInIndex = 0; path = SquareTests.xctest; sourceTree = BUILT_PRODUCTS_DIR; };
		A5400C692817C4A80047A5CD /* SquareTests.swift */ = {isa = PBXFileReference; lastKnownFileType = sourcecode.swift; path = SquareTests.swift; sourceTree = "<group>"; };
		A5400C6F2817C4A80047A5CD /* SquareUITests.xctest */ = {isa = PBXFileReference; explicitFileType = wrapper.cfbundle; includeInIndex = 0; path = SquareUITests.xctest; sourceTree = BUILT_PRODUCTS_DIR; };
		A5400C732817C4A80047A5CD /* SquareUITests.swift */ = {isa = PBXFileReference; lastKnownFileType = sourcecode.swift; path = SquareUITests.swift; sourceTree = "<group>"; };
		A5400C752817C4A80047A5CD /* SquareUITestsLaunchTests.swift */ = {isa = PBXFileReference; lastKnownFileType = sourcecode.swift; path = SquareUITestsLaunchTests.swift; sourceTree = "<group>"; };
/* End PBXFileReference section */

/* Begin PBXFrameworksBuildPhase section */
		A5400C4C2817C4A70047A5CD /* Frameworks */ = {
			isa = PBXFrameworksBuildPhase;
			buildActionMask = 2147483647;
			files = (
			);
			runOnlyForDeploymentPostprocessing = 0;
		};
		A5400C622817C4A80047A5CD /* Frameworks */ = {
			isa = PBXFrameworksBuildPhase;
			buildActionMask = 2147483647;
			files = (
			);
			runOnlyForDeploymentPostprocessing = 0;
		};
		A5400C6C2817C4A80047A5CD /* Frameworks */ = {
			isa = PBXFrameworksBuildPhase;
			buildActionMask = 2147483647;
			files = (
			);
			runOnlyForDeploymentPostprocessing = 0;
		};
/* End PBXFrameworksBuildPhase section */

/* Begin PBXGroup section */
		A5400C462817C4A70047A5CD = {
			isa = PBXGroup;
			children = (
				A5400C512817C4A70047A5CD /* Square */,
				A5400C682817C4A80047A5CD /* SquareTests */,
				A5400C722817C4A80047A5CD /* SquareUITests */,
				A5400C502817C4A70047A5CD /* Products */,
			);
			sourceTree = "<group>";
		};
		A5400C502817C4A70047A5CD /* Products */ = {
			isa = PBXGroup;
			children = (
				A5400C4F2817C4A70047A5CD /* Square.app */,
				A5400C652817C4A80047A5CD /* SquareTests.xctest */,
				A5400C6F2817C4A80047A5CD /* SquareUITests.xctest */,
			);
			name = Products;
			sourceTree = "<group>";
		};
		A5400C512817C4A70047A5CD /* Square */ = {
			isa = PBXGroup;
			children = (
				A5400C522817C4A70047A5CD /* AppDelegate.swift */,
				A5400C542817C4A70047A5CD /* SceneDelegate.swift */,
				A5400C562817C4A70047A5CD /* ViewController.swift */,
				A5400C582817C4A70047A5CD /* Main.storyboard */,
				A5400C5B2817C4A80047A5CD /* Assets.xcassets */,
				A5400C5D2817C4A80047A5CD /* LaunchScreen.storyboard */,
				A5400C602817C4A80047A5CD /* Info.plist */,
			);
			path = Square;
			sourceTree = "<group>";
		};
		A5400C682817C4A80047A5CD /* SquareTests */ = {
			isa = PBXGroup;
			children = (
				A5400C692817C4A80047A5CD /* SquareTests.swift */,
			);
			path = SquareTests;
			sourceTree = "<group>";
		};
		A5400C722817C4A80047A5CD /* SquareUITests */ = {
			isa = PBXGroup;
			children = (
				A5400C732817C4A80047A5CD /* SquareUITests.swift */,
				A5400C752817C4A80047A5CD /* SquareUITestsLaunchTests.swift */,
			);
			path = SquareUITests;
			sourceTree = "<group>";
		};
/* End PBXGroup section */

/* Begin PBXNativeTarget section */
		A5400C4E2817C4A70047A5CD /* Square */ = {
			isa = PBXNativeTarget;
			buildConfigurationList = A5400C792817C4A80047A5CD /* Build configuration list for PBXNativeTarget "Square" */;
			buildPhases = (
				A5400C4B2817C4A70047A5CD /* Sources */,
				A5400C4C2817C4A70047A5CD /* Frameworks */,
				A5400C4D2817C4A70047A5CD /* Resources */,
			);
			buildRules = (
			);
			dependencies = (
			);
			name = Square;
			productName = Square;
			productReference = A5400C4F2817C4A70047A5CD /* Square.app */;
			productType = "com.apple.product-type.application";
		};
		A5400C642817C4A80047A5CD /* SquareTests */ = {
			isa = PBXNativeTarget;
			buildConfigurationList = A5400C7C2817C4A80047A5CD /* Build configuration list for PBXNativeTarget "SquareTests" */;
			buildPhases = (
				A5400C612817C4A80047A5CD /* Sources */,
				A5400C622817C4A80047A5CD /* Frameworks */,
				A5400C632817C4A80047A5CD /* Resources */,
			);
			buildRules = (
			);
			dependencies = (
				A5400C672817C4A80047A5CD /* PBXTargetDependency */,
			);
			name = SquareTests;
			productName = SquareTests;
			productReference = A5400C652817C4A80047A5CD /* SquareTests.xctest */;
			productType = "com.apple.product-type.bundle.unit-test";
		};
		A5400C6E2817C4A80047A5CD /* SquareUITests */ = {
			isa = PBXNativeTarget;
			buildConfigurationList = A5400C7F2817C4A80047A5CD /* Build configuration list for PBXNativeTarget "SquareUITests" */;
			buildPhases = (
				A5400C6B2817C4A80047A5CD /* Sources */,
				A5400C6C2817C4A80047A5CD /* Frameworks */,
				A5400C6D2817C4A80047A5CD /* Resources */,
			);
			buildRules = (
			);
			dependencies = (
				A5400C712817C4A80047A5CD /* PBXTargetDependency */,
			);
			name = SquareUITests;
			productName = SquareUITests;
			productReference = A5400C6F2817C4A80047A5CD /* SquareUITests.xctest */;
			productType = "com.apple.product-type.bundle.ui-testing";
		};
/* End PBXNativeTarget section */

/* Begin PBXProject section */
		A5400C472817C4A70047A5CD /* Project object */ = {
			isa = PBXProject;
			attributes = {
				BuildIndependentTargetsInParallel = 1;
				LastSwiftUpdateCheck = 1330;
				LastUpgradeCheck = 1330;
				TargetAttributes = {
					A5400C4E2817C4A70047A5CD = {
						CreatedOnToolsVersion = 13.3.1;
					};
					A5400C642817C4A80047A5CD = {
						CreatedOnToolsVersion = 13.3.1;
						TestTargetID = A5400C4E2817C4A70047A5CD;
					};
					A5400C6E2817C4A80047A5CD = {
						CreatedOnToolsVersion = 13.3.1;
						TestTargetID = A5400C4E2817C4A70047A5CD;
					};
				};
			};
			buildConfigurationList = A5400C4A2817C4A70047A5CD /* Build configuration list for PBXProject "Square" */;
			compatibilityVersion = "Xcode 13.0";
			developmentRegion = en;
			hasScannedForEncodings = 0;
			knownRegions = (
				en,
				Base,
			);
			mainGroup = A5400C462817C4A70047A5CD;
			productRefGroup = A5400C502817C4A70047A5CD /* Products */;
			projectDirPath = "";
			projectRoot = "";
			targets = (
				A5400C4E2817C4A70047A5CD /* Square */,
				A5400C642817C4A80047A5CD /* SquareTests */,
				A5400C6E2817C4A80047A5CD /* SquareUITests */,
			);
		};
/* End PBXProject section */

/* Begin PBXResourcesBuildPhase section */
		A5400C4D2817C4A70047A5CD /* Resources */ = {
			isa = PBXResourcesBuildPhase;
			buildActionMask = 2147483647;
			files = (
				A5400C5F2817C4A80047A5CD /* LaunchScreen.storyboard in Resources */,
				A5400C5C2817C4A80047A5CD /* Assets.xcassets in Resources */,
				A5400C5A2817C4A70047A5CD /* Main.storyboard in Resources */,
			);
			runOnlyForDeploymentPostprocessing = 0;
		};
		A5400C632817C4A80047A5CD /* Resources */ = {
			isa = PBXResourcesBuildPhase;
			buildActionMask = 2147483647;
			files = (
			);
			runOnlyForDeploymentPostprocessing = 0;
		};
		A5400C6D2817C4A80047A5CD /* Resources */ = {
			isa = PBXResourcesBuildPhase;
			buildActionMask = 2147483647;
			files = (
			);
			runOnlyForDeploymentPostprocessing = 0;
		};
/* End PBXResourcesBuildPhase section */

/* Begin PBXSourcesBuildPhase section */
		A5400C4B2817C4A70047A5CD /* Sources */ = {
			isa = PBXSourcesBuildPhase;
			buildActionMask = 2147483647;
			files = (
				A5400C572817C4A70047A5CD /* ViewController.swift in Sources */,
				A5400C532817C4A70047A5CD /* AppDelegate.swift in Sources */,
				A5400C552817C4A70047A5CD /* SceneDelegate.swift in Sources */,
			);
			runOnlyForDeploymentPostprocessing = 0;
		};
		A5400C612817C4A80047A5CD /* Sources */ = {
			isa = PBXSourcesBuildPhase;
			buildActionMask = 2147483647;
			files = (
				A5400C6A2817C4A80047A5CD /* SquareTests.swift in Sources */,
			);
			runOnlyForDeploymentPostprocessing = 0;
		};
		A5400C6B2817C4A80047A5CD /* Sources */ = {
			isa = PBXSourcesBuildPhase;
			buildActionMask = 2147483647;
			files = (
				A5400C742817C4A80047A5CD /* SquareUITests.swift in Sources */,
				A5400C762817C4A80047A5CD /* SquareUITestsLaunchTests.swift in Sources */,
			);
			runOnlyForDeploymentPostprocessing = 0;
		};
/* End PBXSourcesBuildPhase section */

/* Begin PBXTargetDependency section */
		A5400C672817C4A80047A5CD /* PBXTargetDependency */ = {
			isa = PBXTargetDependency;
			target = A5400C4E2817C4A70047A5CD /* Square */;
			targetProxy = A5400C662817C4A80047A5CD /* PBXContainerItemProxy */;
		};
		A5400C712817C4A80047A5CD /* PBXTargetDependency */ = {
			isa = PBXTargetDependency;
			target = A5400C4E2817C4A70047A5CD /* Square */;
			targetProxy = A5400C702817C4A80047A5CD /* PBXContainerItemProxy */;
		};
/* End PBXTargetDependency section */

/* Begin PBXVariantGroup section */
		A5400C582817C4A70047A5CD /* Main.storyboard */ = {
			isa = PBXVariantGroup;
			children = (
				A5400C592817C4A70047A5CD /* Base */,
			);
			name = Main.storyboard;
			sourceTree = "<group>";
		};
		A5400C5D2817C4A80047A5CD /* LaunchScreen.storyboard */ = {
			isa = PBXVariantGroup;
			children = (
				A5400C5E2817C4A80047A5CD /* Base */,
			);
			name = LaunchScreen.storyboard;
			sourceTree = "<group>";
		};
/* End PBXVariantGroup section */

/* Begin XCBuildConfiguration section */
		A5400C772817C4A80047A5CD /* Debug */ = {
			isa = XCBuildConfiguration;
			buildSettings = {
				ALWAYS_SEARCH_USER_PATHS = NO;
				CLANG_ANALYZER_NONNULL = YES;
				CLANG_ANALYZER_NUMBER_OBJECT_CONVERSION = YES_AGGRESSIVE;
				CLANG_CXX_LANGUAGE_STANDARD = "gnu++17";
				CLANG_ENABLE_MODULES = YES;
				CLANG_ENABLE_OBJC_ARC = YES;
				CLANG_ENABLE_OBJC_WEAK = YES;
				CLANG_WARN_BLOCK_CAPTURE_AUTORELEASING = YES;
				CLANG_WARN_BOOL_CONVERSION = YES;
				CLANG_WARN_COMMA = YES;
				CLANG_WARN_CONSTANT_CONVERSION = YES;
				CLANG_WARN_DEPRECATED_OBJC_IMPLEMENTATIONS = YES;
				CLANG_WARN_DIRECT_OBJC_ISA_USAGE = YES_ERROR;
				CLANG_WARN_DOCUMENTATION_COMMENTS = YES;
				CLANG_WARN_EMPTY_BODY = YES;
				CLANG_WARN_ENUM_CONVERSION = YES;
				CLANG_WARN_INFINITE_RECURSION = YES;
				CLANG_WARN_INT_CONVERSION = YES;
				CLANG_WARN_NON_LITERAL_NULL_CONVERSION = YES;
				CLANG_WARN_OBJC_IMPLICIT_RETAIN_SELF = YES;
				CLANG_WARN_OBJC_LITERAL_CONVERSION = YES;
				CLANG_WARN_OBJC_ROOT_CLASS = YES_ERROR;
				CLANG_WARN_QUOTED_INCLUDE_IN_FRAMEWORK_HEADER = YES;
				CLANG_WARN_RANGE_LOOP_ANALYSIS = YES;
				CLANG_WARN_STRICT_PROTOTYPES = YES;
				CLANG_WARN_SUSPICIOUS_MOVE = YES;
				CLANG_WARN_UNGUARDED_AVAILABILITY = YES_AGGRESSIVE;
				CLANG_WARN_UNREACHABLE_CODE = YES;
				CLANG_WARN__DUPLICATE_METHOD_MATCH = YES;
				COPY_PHASE_STRIP = NO;
				DEBUG_INFORMATION_FORMAT = dwarf;
				ENABLE_STRICT_OBJC_MSGSEND = YES;
				ENABLE_TESTABILITY = YES;
				GCC_C_LANGUAGE_STANDARD = gnu11;
				GCC_DYNAMIC_NO_PIC = NO;
				GCC_NO_COMMON_BLOCKS = YES;
				GCC_OPTIMIZATION_LEVEL = 0;
				GCC_PREPROCESSOR_DEFINITIONS = (
					"DEBUG=1",
					"$(inherited)",
				);
				GCC_WARN_64_TO_32_BIT_CONVERSION = YES;
				GCC_WARN_ABOUT_RETURN_TYPE = YES_ERROR;
				GCC_WARN_UNDECLARED_SELECTOR = YES;
				GCC_WARN_UNINITIALIZED_AUTOS = YES_AGGRESSIVE;
				GCC_WARN_UNUSED_FUNCTION = YES;
				GCC_WARN_UNUSED_VARIABLE = YES;
				IPHONEOS_DEPLOYMENT_TARGET = 15.4;
				MTL_ENABLE_DEBUG_INFO = INCLUDE_SOURCE;
				MTL_FAST_MATH = YES;
				ONLY_ACTIVE_ARCH = YES;
				SDKROOT = iphoneos;
				SWIFT_ACTIVE_COMPILATION_CONDITIONS = DEBUG;
				SWIFT_OPTIMIZATION_LEVEL = "-Onone";
			};
			name = Debug;
		};
		A5400C782817C4A80047A5CD /* Release */ = {
			isa = XCBuildConfiguration;
			buildSettings = {
				ALWAYS_SEARCH_USER_PATHS = NO;
				CLANG_ANALYZER_NONNULL = YES;
				CLANG_ANALYZER_NUMBER_OBJECT_CONVERSION = YES_AGGRESSIVE;
				CLANG_CXX_LANGUAGE_STANDARD = "gnu++17";
				CLANG_ENABLE_MODULES = YES;
				CLANG_ENABLE_OBJC_ARC = YES;
				CLANG_ENABLE_OBJC_WEAK = YES;
				CLANG_WARN_BLOCK_CAPTURE_AUTORELEASING = YES;
				CLANG_WARN_BOOL_CONVERSION = YES;
				CLANG_WARN_COMMA = YES;
				CLANG_WARN_CONSTANT_CONVERSION = YES;
				CLANG_WARN_DEPRECATED_OBJC_IMPLEMENTATIONS = YES;
				CLANG_WARN_DIRECT_OBJC_ISA_USAGE = YES_ERROR;
				CLANG_WARN_DOCUMENTATION_COMMENTS = YES;
				CLANG_WARN_EMPTY_BODY = YES;
				CLANG_WARN_ENUM_CONVERSION = YES;
				CLANG_WARN_INFINITE_RECURSION = YES;
				CLANG_WARN_INT_CONVERSION = YES;
				CLANG_WARN_NON_LITERAL_NULL_CONVERSION = YES;
				CLANG_WARN_OBJC_IMPLICIT_RETAIN_SELF = YES;
				CLANG_WARN_OBJC_LITERAL_CONVERSION = YES;
				CLANG_WARN_OBJC_ROOT_CLASS = YES_ERROR;
				CLANG_WARN_QUOTED_INCLUDE_IN_FRAMEWORK_HEADER = YES;
				CLANG_WARN_RANGE_LOOP_ANALYSIS = YES;
				CLANG_WARN_STRICT_PROTOTYPES = YES;
				CLANG_WARN_SUSPICIOUS_MOVE = YES;
				CLANG_WARN_UNGUARDED_AVAILABILITY = YES_AGGRESSIVE;
				CLANG_WARN_UNREACHABLE_CODE = YES;
				CLANG_WARN__DUPLICATE_METHOD_MATCH = YES;
				COPY_PHASE_STRIP = NO;
				DEBUG_INFORMATION_FORMAT = "dwarf-with-dsym";
				ENABLE_NS_ASSERTIONS = NO;
				ENABLE_STRICT_OBJC_MSGSEND = YES;
				GCC_C_LANGUAGE_STANDARD = gnu11;
				GCC_NO_COMMON_BLOCKS = YES;
				GCC_WARN_64_TO_32_BIT_CONVERSION = YES;
				GCC_WARN_ABOUT_RETURN_TYPE = YES_ERROR;
				GCC_WARN_UNDECLARED_SELECTOR = YES;
				GCC_WARN_UNINITIALIZED_AUTOS = YES_AGGRESSIVE;
				GCC_WARN_UNUSED_FUNCTION = YES;
				GCC_WARN_UNUSED_VARIABLE = YES;
				IPHONEOS_DEPLOYMENT_TARGET = 15.4;
				MTL_ENABLE_DEBUG_INFO = NO;
				MTL_FAST_MATH = YES;
				SDKROOT = iphoneos;
				SWIFT_COMPILATION_MODE = wholemodule;
				SWIFT_OPTIMIZATION_LEVEL = "-O";
				VALIDATE_PRODUCT = YES;
			};
			name = Release;
		};
		A5400C7A2817C4A80047A5CD /* Debug */ = {
			isa = XCBuildConfiguration;
			buildSettings = {
				ASSETCATALOG_COMPILER_APPICON_NAME = AppIcon;
				ASSETCATALOG_COMPILER_GLOBAL_ACCENT_COLOR_NAME = AccentColor;
				CODE_SIGN_STYLE = Automatic;
				CURRENT_PROJECT_VERSION = 1;
				GENERATE_INFOPLIST_FILE = YES;
				INFOPLIST_FILE = Square/Info.plist;
				INFOPLIST_KEY_UIApplicationSupportsIndirectInputEvents = YES;
				INFOPLIST_KEY_UILaunchStoryboardName = LaunchScreen;
				INFOPLIST_KEY_UIMainStoryboardFile = Main;
				INFOPLIST_KEY_UISupportedInterfaceOrientations_iPad = "UIInterfaceOrientationPortrait UIInterfaceOrientationPortraitUpsideDown UIInterfaceOrientationLandscapeLeft UIInterfaceOrientationLandscapeRight";
				INFOPLIST_KEY_UISupportedInterfaceOrientations_iPhone = "UIInterfaceOrientationPortrait UIInterfaceOrientationLandscapeLeft UIInterfaceOrientationLandscapeRight";
				LD_RUNPATH_SEARCH_PATHS = (
					"$(inherited)",
					"@executable_path/Frameworks",
				);
				MARKETING_VERSION = 1.0;
				PRODUCT_BUNDLE_IDENTIFIER = Karapet.Square;
				PRODUCT_NAME = "$(TARGET_NAME)";
				SWIFT_EMIT_LOC_STRINGS = YES;
				SWIFT_VERSION = 5.0;
				TARGETED_DEVICE_FAMILY = "1,2";
			};
			name = Debug;
		};
		A5400C7B2817C4A80047A5CD /* Release */ = {
			isa = XCBuildConfiguration;
			buildSettings = {
				ASSETCATALOG_COMPILER_APPICON_NAME = AppIcon;
				ASSETCATALOG_COMPILER_GLOBAL_ACCENT_COLOR_NAME = AccentColor;
				CODE_SIGN_STYLE = Automatic;
				CURRENT_PROJECT_VERSION = 1;
				GENERATE_INFOPLIST_FILE = YES;
				INFOPLIST_FILE = Square/Info.plist;
				INFOPLIST_KEY_UIApplicationSupportsIndirectInputEvents = YES;
				INFOPLIST_KEY_UILaunchStoryboardName = LaunchScreen;
				INFOPLIST_KEY_UIMainStoryboardFile = Main;
				INFOPLIST_KEY_UISupportedInterfaceOrientations_iPad = "UIInterfaceOrientationPortrait UIInterfaceOrientationPortraitUpsideDown UIInterfaceOrientationLandscapeLeft UIInterfaceOrientationLandscapeRight";
				INFOPLIST_KEY_UISupportedInterfaceOrientations_iPhone = "UIInterfaceOrientationPortrait UIInterfaceOrientationLandscapeLeft UIInterfaceOrientationLandscapeRight";
				LD_RUNPATH_SEARCH_PATHS = (
					"$(inherited)",
					"@executable_path/Frameworks",
				);
				MARKETING_VERSION = 1.0;
				PRODUCT_BUNDLE_IDENTIFIER = Karapet.Square;
				PRODUCT_NAME = "$(TARGET_NAME)";
				SWIFT_EMIT_LOC_STRINGS = YES;
				SWIFT_VERSION = 5.0;
				TARGETED_DEVICE_FAMILY = "1,2";
			};
			name = Release;
		};
		A5400C7D2817C4A80047A5CD /* Debug */ = {
			isa = XCBuildConfiguration;
			buildSettings = {
				ALWAYS_EMBED_SWIFT_STANDARD_LIBRARIES = YES;
				BUNDLE_LOADER = "$(TEST_HOST)";
				CODE_SIGN_STYLE = Automatic;
				CURRENT_PROJECT_VERSION = 1;
				GENERATE_INFOPLIST_FILE = YES;
				IPHONEOS_DEPLOYMENT_TARGET = 15.4;
				MARKETING_VERSION = 1.0;
				PRODUCT_BUNDLE_IDENTIFIER = Karapet.SquareTests;
				PRODUCT_NAME = "$(TARGET_NAME)";
				SWIFT_EMIT_LOC_STRINGS = NO;
				SWIFT_VERSION = 5.0;
				TARGETED_DEVICE_FAMILY = "1,2";
				TEST_HOST = "$(BUILT_PRODUCTS_DIR)/Square.app/Square";
			};
			name = Debug;
		};
		A5400C7E2817C4A80047A5CD /* Release */ = {
			isa = XCBuildConfiguration;
			buildSettings = {
				ALWAYS_EMBED_SWIFT_STANDARD_LIBRARIES = YES;
				BUNDLE_LOADER = "$(TEST_HOST)";
				CODE_SIGN_STYLE = Automatic;
				CURRENT_PROJECT_VERSION = 1;
				GENERATE_INFOPLIST_FILE = YES;
				IPHONEOS_DEPLOYMENT_TARGET = 15.4;
				MARKETING_VERSION = 1.0;
				PRODUCT_BUNDLE_IDENTIFIER = Karapet.SquareTests;
				PRODUCT_NAME = "$(TARGET_NAME)";
				SWIFT_EMIT_LOC_STRINGS = NO;
				SWIFT_VERSION = 5.0;
				TARGETED_DEVICE_FAMILY = "1,2";
				TEST_HOST = "$(BUILT_PRODUCTS_DIR)/Square.app/Square";
			};
			name = Release;
		};
		A5400C802817C4A80047A5CD /* Debug */ = {
			isa = XCBuildConfiguration;
			buildSettings = {
				ALWAYS_EMBED_SWIFT_STANDARD_LIBRARIES = YES;
				CODE_SIGN_STYLE = Automatic;
				CURRENT_PROJECT_VERSION = 1;
				GENERATE_INFOPLIST_FILE = YES;
				MARKETING_VERSION = 1.0;
				PRODUCT_BUNDLE_IDENTIFIER = Karapet.SquareUITests;
				PRODUCT_NAME = "$(TARGET_NAME)";
				SWIFT_EMIT_LOC_STRINGS = NO;
				SWIFT_VERSION = 5.0;
				TARGETED_DEVICE_FAMILY = "1,2";
				TEST_TARGET_NAME = Square;
			};
			name = Debug;
		};
		A5400C812817C4A80047A5CD /* Release */ = {
			isa = XCBuildConfiguration;
			buildSettings = {
				ALWAYS_EMBED_SWIFT_STANDARD_LIBRARIES = YES;
				CODE_SIGN_STYLE = Automatic;
				CURRENT_PROJECT_VERSION = 1;
				GENERATE_INFOPLIST_FILE = YES;
				MARKETING_VERSION = 1.0;
				PRODUCT_BUNDLE_IDENTIFIER = Karapet.SquareUITests;
				PRODUCT_NAME = "$(TARGET_NAME)";
				SWIFT_EMIT_LOC_STRINGS = NO;
				SWIFT_VERSION = 5.0;
				TARGETED_DEVICE_FAMILY = "1,2";
				TEST_TARGET_NAME = Square;
			};
			name = Release;
		};
/* End XCBuildConfiguration section */

/* Begin XCConfigurationList section */
		A5400C4A2817C4A70047A5CD /* Build configuration list for PBXProject "Square" */ = {
			isa = XCConfigurationList;
			buildConfigurations = (
				A5400C772817C4A80047A5CD /* Debug */,
				A5400C782817C4A80047A5CD /* Release */,
			);
			defaultConfigurationIsVisible = 0;
			defaultConfigurationName = Release;
		};
		A5400C792817C4A80047A5CD /* Build configuration list for PBXNativeTarget "Square" */ = {
			isa = XCConfigurationList;
			buildConfigurations = (
				A5400C7A2817C4A80047A5CD /* Debug */,
				A5400C7B2817C4A80047A5CD /* Release */,
			);
			defaultConfigurationIsVisible = 0;
			defaultConfigurationName = Release;
		};
		A5400C7C2817C4A80047A5CD /* Build configuration list for PBXNativeTarget "SquareTests" */ = {
			isa = XCConfigurationList;
			buildConfigurations = (
				A5400C7D2817C4A80047A5CD /* Debug */,
				A5400C7E2817C4A80047A5CD /* Release */,
			);
			defaultConfigurationIsVisible = 0;
			defaultConfigurationName = Release;
		};
		A5400C7F2817C4A80047A5CD /* Build configuration list for PBXNativeTarget "SquareUITests" */ = {
			isa = XCConfigurationList;
			buildConfigurations = (
				A5400C802817C4A80047A5CD /* Debug */,
				A5400C812817C4A80047A5CD /* Release */,
			);
			defaultConfigurationIsVisible = 0;
			defaultConfigurationName = Release;
		};
/* End XCConfigurationList section */
	};
	rootObject = A5400C472817C4A70047A5CD /* Project object */;
}
